
Microsoft Visual Studio Solution File, Format Version 12.00
# Visual Studio 15
VisualStudioVersion = 15.0.27130.2024
MinimumVisualStudioVersion = 10.0.40219.1
Project("{FAE04EC0-301F-11D3-BF4B-00C04F79EFBC}") = "StringParallelProcessing", "StringParallelProcessing\StringParallelProcessing.csproj", "{3CFFD893-98A9-41D2-A82E-1372636ADFA4}"
EndProject
Global
	GlobalSection(SolutionConfigurationPlatforms) = preSolution
		Debug|Any CPU = Debug|Any CPU
		Release|Any CPU = Release|Any CPU
	EndGlobalSection
	GlobalSection(ProjectConfigurationPlatforms) = postSolution
		{3CFFD893-98A9-41D2-A82E-1372636ADFA4}.Debug|Any CPU.ActiveCfg = Debug|Any CPU
		{3CFFD893-98A9-41D2-A82E-1372636ADFA4}.Debug|Any CPU.Build.0 = Debug|Any CPU
		{3CFFD893-98A9-41D2-A82E-1372636ADFA4}.Release|Any CPU.ActiveCfg = Release|Any CPU
		{3CFFD893-98A9-41D2-A82E-1372636ADFA4}.Release|Any CPU.Build.0 = Release|Any CPU
	EndGlobalSection
	GlobalSection(SolutionProperties) = preSolution
		HideSolutionNode = FALSE
	EndGlobalSection
	GlobalSection(ExtensibilityGlobals) = postSolution
		SolutionGuid = {12DCF6F6-69B2-4B3E-9C46-9B3332684C8C}
	EndGlobalSection
EndGlobal
